
Microsoft Visual Studio Solution File, Format Version 12.00
# Visual Studio Version 16
VisualStudioVersion = 16.0.30011.22
MinimumVisualStudioVersion = 10.0.40219.1
Project("{9A19103F-16F7-4668-BE54-9A1E7A4F7556}") = "OnlineStore", "OnlineStore\OnlineStore.csproj", "{1DB56AE0-D1CE-475F-9F51-2BA15CF17991}"
EndProject
Project("{2150E333-8FDC-42A3-9474-1A3956D46DE8}") = "Solution Items", "Solution Items", "{211D660B-9B4C-4B3D-B996-6DD5A89EFB4F}"
	ProjectSection(SolutionItems) = preProject
		.gitignore = .gitignore
	EndProjectSection
EndProject
Global
	GlobalSection(SolutionConfigurationPlatforms) = preSolution
		Debug|Any CPU = Debug|Any CPU
		Release|Any CPU = Release|Any CPU
	EndGlobalSection
	GlobalSection(ProjectConfigurationPlatforms) = postSolution
		{1DB56AE0-D1CE-475F-9F51-2BA15CF17991}.Debug|Any CPU.ActiveCfg = Debug|Any CPU
		{1DB56AE0-D1CE-475F-9F51-2BA15CF17991}.Debug|Any CPU.Build.0 = Debug|Any CPU
		{1DB56AE0-D1CE-475F-9F51-2BA15CF17991}.Release|Any CPU.ActiveCfg = Release|Any CPU
		{1DB56AE0-D1CE-475F-9F51-2BA15CF17991}.Release|Any CPU.Build.0 = Release|Any CPU
	EndGlobalSection
	GlobalSection(SolutionProperties) = preSolution
		HideSolutionNode = FALSE
	EndGlobalSection
	GlobalSection(ExtensibilityGlobals) = postSolution
		SolutionGuid = {1C278079-E39E-4E22-8888-A102A2156C93}
	EndGlobalSection
EndGlobal
